// !$*UTF8*$!
{
	archiveVersion = 1;
	classes = {
	};
	objectVersion = 55;
	objects = {

/* Begin PBXBuildFile section */
		5D54975827CEB29200C47D9D /* AppDelegate.swift in Sources */ = {isa = PBXBuildFile; fileRef = 5D54975727CEB29200C47D9D /* AppDelegate.swift */; };
		5D54975A27CEB29200C47D9D /* SceneDelegate.swift in Sources */ = {isa = PBXBuildFile; fileRef = 5D54975927CEB29200C47D9D /* SceneDelegate.swift */; };
		5D54975C27CEB29200C47D9D /* ViewController.swift in Sources */ = {isa = PBXBuildFile; fileRef = 5D54975B27CEB29200C47D9D /* ViewController.swift */; };
		5D54975F27CEB29200C47D9D /* Main.storyboard in Resources */ = {isa = PBXBuildFile; fileRef = 5D54975D27CEB29200C47D9D /* Main.storyboard */; };
		5D54976127CEB29400C47D9D /* Assets.xcassets in Resources */ = {isa = PBXBuildFile; fileRef = 5D54976027CEB29400C47D9D /* Assets.xcassets */; };
		5D54976427CEB29400C47D9D /* LaunchScreen.storyboard in Resources */ = {isa = PBXBuildFile; fileRef = 5D54976227CEB29400C47D9D /* LaunchScreen.storyboard */; };
		5D54976F27CEB29400C47D9D /* IMCTests.swift in Sources */ = {isa = PBXBuildFile; fileRef = 5D54976E27CEB29400C47D9D /* IMCTests.swift */; };
		5D54977927CEB29400C47D9D /* IMCUITests.swift in Sources */ = {isa = PBXBuildFile; fileRef = 5D54977827CEB29400C47D9D /* IMCUITests.swift */; };
		5D54977B27CEB29400C47D9D /* IMCUITestsLaunchTests.swift in Sources */ = {isa = PBXBuildFile; fileRef = 5D54977A27CEB29400C47D9D /* IMCUITestsLaunchTests.swift */; };
		5DC8E7C127D15B7A00AE7F16 /* IMCView.swift in Sources */ = {isa = PBXBuildFile; fileRef = 5DC8E7C027D15B7A00AE7F16 /* IMCView.swift */; };
/* End PBXBuildFile section */

/* Begin PBXContainerItemProxy section */
		5D54976B27CEB29400C47D9D /* PBXContainerItemProxy */ = {
			isa = PBXContainerItemProxy;
			containerPortal = 5D54974C27CEB29200C47D9D /* Project object */;
			proxyType = 1;
			remoteGlobalIDString = 5D54975327CEB29200C47D9D;
			remoteInfo = IMC;
		};
		5D54977527CEB29400C47D9D /* PBXContainerItemProxy */ = {
			isa = PBXContainerItemProxy;
			containerPortal = 5D54974C27CEB29200C47D9D /* Project object */;
			proxyType = 1;
			remoteGlobalIDString = 5D54975327CEB29200C47D9D;
			remoteInfo = IMC;
		};
/* End PBXContainerItemProxy section */

/* Begin PBXFileReference section */
		5D54975427CEB29200C47D9D /* IMC.app */ = {isa = PBXFileReference; explicitFileType = wrapper.application; includeInIndex = 0; path = IMC.app; sourceTree = BUILT_PRODUCTS_DIR; };
		5D54975727CEB29200C47D9D /* AppDelegate.swift */ = {isa = PBXFileReference; lastKnownFileType = sourcecode.swift; path = AppDelegate.swift; sourceTree = "<group>"; };
		5D54975927CEB29200C47D9D /* SceneDelegate.swift */ = {isa = PBXFileReference; lastKnownFileType = sourcecode.swift; path = SceneDelegate.swift; sourceTree = "<group>"; };
		5D54975B27CEB29200C47D9D /* ViewController.swift */ = {isa = PBXFileReference; lastKnownFileType = sourcecode.swift; path = ViewController.swift; sourceTree = "<group>"; };
		5D54975E27CEB29200C47D9D /* Base */ = {isa = PBXFileReference; lastKnownFileType = file.storyboard; name = Base; path = Base.lproj/Main.storyboard; sourceTree = "<group>"; };
		5D54976027CEB29400C47D9D /* Assets.xcassets */ = {isa = PBXFileReference; lastKnownFileType = folder.assetcatalog; path = Assets.xcassets; sourceTree = "<group>"; };
		5D54976327CEB29400C47D9D /* Base */ = {isa = PBXFileReference; lastKnownFileType = file.storyboard; name = Base; path = Base.lproj/LaunchScreen.storyboard; sourceTree = "<group>"; };
		5D54976527CEB29400C47D9D /* Info.plist */ = {isa = PBXFileReference; lastKnownFileType = text.plist.xml; path = Info.plist; sourceTree = "<group>"; };
		5D54976A27CEB29400C47D9D /* IMCTests.xctest */ = {isa = PBXFileReference; explicitFileType = wrapper.cfbundle; includeInIndex = 0; path = IMCTests.xctest; sourceTree = BUILT_PRODUCTS_DIR; };
		5D54976E27CEB29400C47D9D /* IMCTests.swift */ = {isa = PBXFileReference; lastKnownFileType = sourcecode.swift; path = IMCTests.swift; sourceTree = "<group>"; };
		5D54977427CEB29400C47D9D /* IMCUITests.xctest */ = {isa = PBXFileReference; explicitFileType = wrapper.cfbundle; includeInIndex = 0; path = IMCUITests.xctest; sourceTree = BUILT_PRODUCTS_DIR; };
		5D54977827CEB29400C47D9D /* IMCUITests.swift */ = {isa = PBXFileReference; lastKnownFileType = sourcecode.swift; path = IMCUITests.swift; sourceTree = "<group>"; };
		5D54977A27CEB29400C47D9D /* IMCUITestsLaunchTests.swift */ = {isa = PBXFileReference; lastKnownFileType = sourcecode.swift; path = IMCUITestsLaunchTests.swift; sourceTree = "<group>"; };
		5DC8E7C027D15B7A00AE7F16 /* IMCView.swift */ = {isa = PBXFileReference; lastKnownFileType = sourcecode.swift; path = IMCView.swift; sourceTree = "<group>"; };
/* End PBXFileReference section */

/* Begin PBXFrameworksBuildPhase section */
		5D54975127CEB29200C47D9D /* Frameworks */ = {
			isa = PBXFrameworksBuildPhase;
			buildActionMask = 2147483647;
			files = (
			);
			runOnlyForDeploymentPostprocessing = 0;
		};
		5D54976727CEB29400C47D9D /* Frameworks */ = {
			isa = PBXFrameworksBuildPhase;
			buildActionMask = 2147483647;
			files = (
			);
			runOnlyForDeploymentPostprocessing = 0;
		};
		5D54977127CEB29400C47D9D /* Frameworks */ = {
			isa = PBXFrameworksBuildPhase;
			buildActionMask = 2147483647;
			files = (
			);
			runOnlyForDeploymentPostprocessing = 0;
		};
/* End PBXFrameworksBuildPhase section */

/* Begin PBXGroup section */
		5D54974B27CEB29200C47D9D = {
			isa = PBXGroup;
			children = (
				5DC8E7C027D15B7A00AE7F16 /* IMCView.swift */,
				5D54975627CEB29200C47D9D /* IMC */,
				5D54976D27CEB29400C47D9D /* IMCTests */,
				5D54977727CEB29400C47D9D /* IMCUITests */,
				5D54975527CEB29200C47D9D /* Products */,
			);
			sourceTree = "<group>";
		};
		5D54975527CEB29200C47D9D /* Products */ = {
			isa = PBXGroup;
			children = (
				5D54975427CEB29200C47D9D /* IMC.app */,
				5D54976A27CEB29400C47D9D /* IMCTests.xctest */,
				5D54977427CEB29400C47D9D /* IMCUITests.xctest */,
			);
			name = Products;
			sourceTree = "<group>";
		};
		5D54975627CEB29200C47D9D /* IMC */ = {
			isa = PBXGroup;
			children = (
				5D54975727CEB29200C47D9D /* AppDelegate.swift */,
				5D54975927CEB29200C47D9D /* SceneDelegate.swift */,
				5D54975B27CEB29200C47D9D /* ViewController.swift */,
				5D54975D27CEB29200C47D9D /* Main.storyboard */,
				5D54976027CEB29400C47D9D /* Assets.xcassets */,
				5D54976227CEB29400C47D9D /* LaunchScreen.storyboard */,
				5D54976527CEB29400C47D9D /* Info.plist */,
			);
			path = IMC;
			sourceTree = "<group>";
		};
		5D54976D27CEB29400C47D9D /* IMCTests */ = {
			isa = PBXGroup;
			children = (
				5D54976E27CEB29400C47D9D /* IMCTests.swift */,
			);
			path = IMCTests;
			sourceTree = "<group>";
		};
		5D54977727CEB29400C47D9D /* IMCUITests */ = {
			isa = PBXGroup;
			children = (
				5D54977827CEB29400C47D9D /* IMCUITests.swift */,
				5D54977A27CEB29400C47D9D /* IMCUITestsLaunchTests.swift */,
			);
			path = IMCUITests;
			sourceTree = "<group>";
		};
/* End PBXGroup section */

/* Begin PBXNativeTarget section */
		5D54975327CEB29200C47D9D /* IMC */ = {
			isa = PBXNativeTarget;
			buildConfigurationList = 5D54977E27CEB29400C47D9D /* Build configuration list for PBXNativeTarget "IMC" */;
			buildPhases = (
				5D54975027CEB29200C47D9D /* Sources */,
				5D54975127CEB29200C47D9D /* Frameworks */,
				5D54975227CEB29200C47D9D /* Resources */,
			);
			buildRules = (
			);
			dependencies = (
			);
			name = IMC;
			productName = IMC;
			productReference = 5D54975427CEB29200C47D9D /* IMC.app */;
			productType = "com.apple.product-type.application";
		};
		5D54976927CEB29400C47D9D /* IMCTests */ = {
			isa = PBXNativeTarget;
			buildConfigurationList = 5D54978127CEB29400C47D9D /* Build configuration list for PBXNativeTarget "IMCTests" */;
			buildPhases = (
				5D54976627CEB29400C47D9D /* Sources */,
				5D54976727CEB29400C47D9D /* Frameworks */,
				5D54976827CEB29400C47D9D /* Resources */,
			);
			buildRules = (
			);
			dependencies = (
				5D54976C27CEB29400C47D9D /* PBXTargetDependency */,
			);
			name = IMCTests;
			productName = IMCTests;
			productReference = 5D54976A27CEB29400C47D9D /* IMCTests.xctest */;
			productType = "com.apple.product-type.bundle.unit-test";
		};
		5D54977327CEB29400C47D9D /* IMCUITests */ = {
			isa = PBXNativeTarget;
			buildConfigurationList = 5D54978427CEB29400C47D9D /* Build configuration list for PBXNativeTarget "IMCUITests" */;
			buildPhases = (
				5D54977027CEB29400C47D9D /* Sources */,
				5D54977127CEB29400C47D9D /* Frameworks */,
				5D54977227CEB29400C47D9D /* Resources */,
			);
			buildRules = (
			);
			dependencies = (
				5D54977627CEB29400C47D9D /* PBXTargetDependency */,
			);
			name = IMCUITests;
			productName = IMCUITests;
			productReference = 5D54977427CEB29400C47D9D /* IMCUITests.xctest */;
			productType = "com.apple.product-type.bundle.ui-testing";
		};
/* End PBXNativeTarget section */

/* Begin PBXProject section */
		5D54974C27CEB29200C47D9D /* Project object */ = {
			isa = PBXProject;
			attributes = {
				BuildIndependentTargetsInParallel = 1;
				LastSwiftUpdateCheck = 1320;
				LastUpgradeCheck = 1320;
				TargetAttributes = {
					5D54975327CEB29200C47D9D = {
						CreatedOnToolsVersion = 13.2.1;
					};
					5D54976927CEB29400C47D9D = {
						CreatedOnToolsVersion = 13.2.1;
						TestTargetID = 5D54975327CEB29200C47D9D;
					};
					5D54977327CEB29400C47D9D = {
						CreatedOnToolsVersion = 13.2.1;
						TestTargetID = 5D54975327CEB29200C47D9D;
					};
				};
			};
			buildConfigurationList = 5D54974F27CEB29200C47D9D /* Build configuration list for PBXProject "IMC" */;
			compatibilityVersion = "Xcode 13.0";
			developmentRegion = en;
			hasScannedForEncodings = 0;
			knownRegions = (
				en,
				Base,
			);
			mainGroup = 5D54974B27CEB29200C47D9D;
			productRefGroup = 5D54975527CEB29200C47D9D /* Products */;
			projectDirPath = "";
			projectRoot = "";
			targets = (
				5D54975327CEB29200C47D9D /* IMC */,
				5D54976927CEB29400C47D9D /* IMCTests */,
				5D54977327CEB29400C47D9D /* IMCUITests */,
			);
		};
/* End PBXProject section */

/* Begin PBXResourcesBuildPhase section */
		5D54975227CEB29200C47D9D /* Resources */ = {
			isa = PBXResourcesBuildPhase;
			buildActionMask = 2147483647;
			files = (
				5D54976427CEB29400C47D9D /* LaunchScreen.storyboard in Resources */,
				5D54976127CEB29400C47D9D /* Assets.xcassets in Resources */,
				5D54975F27CEB29200C47D9D /* Main.storyboard in Resources */,
			);
			runOnlyForDeploymentPostprocessing = 0;
		};
		5D54976827CEB29400C47D9D /* Resources */ = {
			isa = PBXResourcesBuildPhase;
			buildActionMask = 2147483647;
			files = (
			);
			runOnlyForDeploymentPostprocessing = 0;
		};
		5D54977227CEB29400C47D9D /* Resources */ = {
			isa = PBXResourcesBuildPhase;
			buildActionMask = 2147483647;
			files = (
			);
			runOnlyForDeploymentPostprocessing = 0;
		};
/* End PBXResourcesBuildPhase section */

/* Begin PBXSourcesBuildPhase section */
		5D54975027CEB29200C47D9D /* Sources */ = {
			isa = PBXSourcesBuildPhase;
			buildActionMask = 2147483647;
			files = (
				5DC8E7C127D15B7A00AE7F16 /* IMCView.swift in Sources */,
				5D54975C27CEB29200C47D9D /* ViewController.swift in Sources */,
				5D54975827CEB29200C47D9D /* AppDelegate.swift in Sources */,
				5D54975A27CEB29200C47D9D /* SceneDelegate.swift in Sources */,
			);
			runOnlyForDeploymentPostprocessing = 0;
		};
		5D54976627CEB29400C47D9D /* Sources */ = {
			isa = PBXSourcesBuildPhase;
			buildActionMask = 2147483647;
			files = (
				5D54976F27CEB29400C47D9D /* IMCTests.swift in Sources */,
			);
			runOnlyForDeploymentPostprocessing = 0;
		};
		5D54977027CEB29400C47D9D /* Sources */ = {
			isa = PBXSourcesBuildPhase;
			buildActionMask = 2147483647;
			files = (
				5D54977B27CEB29400C47D9D /* IMCUITestsLaunchTests.swift in Sources */,
				5D54977927CEB29400C47D9D /* IMCUITests.swift in Sources */,
			);
			runOnlyForDeploymentPostprocessing = 0;
		};
/* End PBXSourcesBuildPhase section */

/* Begin PBXTargetDependency section */
		5D54976C27CEB29400C47D9D /* PBXTargetDependency */ = {
			isa = PBXTargetDependency;
			target = 5D54975327CEB29200C47D9D /* IMC */;
			targetProxy = 5D54976B27CEB29400C47D9D /* PBXContainerItemProxy */;
		};
		5D54977627CEB29400C47D9D /* PBXTargetDependency */ = {
			isa = PBXTargetDependency;
			target = 5D54975327CEB29200C47D9D /* IMC */;
			targetProxy = 5D54977527CEB29400C47D9D /* PBXContainerItemProxy */;
		};
/* End PBXTargetDependency section */

/* Begin PBXVariantGroup section */
		5D54975D27CEB29200C47D9D /* Main.storyboard */ = {
			isa = PBXVariantGroup;
			children = (
				5D54975E27CEB29200C47D9D /* Base */,
			);
			name = Main.storyboard;
			sourceTree = "<group>";
		};
		5D54976227CEB29400C47D9D /* LaunchScreen.storyboard */ = {
			isa = PBXVariantGroup;
			children = (
				5D54976327CEB29400C47D9D /* Base */,
			);
			name = LaunchScreen.storyboard;
			sourceTree = "<group>";
		};
/* End PBXVariantGroup section */

/* Begin XCBuildConfiguration section */
		5D54977C27CEB29400C47D9D /* Debug */ = {
			isa = XCBuildConfiguration;
			buildSettings = {
				ALWAYS_SEARCH_USER_PATHS = NO;
				CLANG_ANALYZER_NONNULL = YES;
				CLANG_ANALYZER_NUMBER_OBJECT_CONVERSION = YES_AGGRESSIVE;
				CLANG_CXX_LANGUAGE_STANDARD = "gnu++17";
				CLANG_CXX_LIBRARY = "libc++";
				CLANG_ENABLE_MODULES = YES;
				CLANG_ENABLE_OBJC_ARC = YES;
				CLANG_ENABLE_OBJC_WEAK = YES;
				CLANG_WARN_BLOCK_CAPTURE_AUTORELEASING = YES;
				CLANG_WARN_BOOL_CONVERSION = YES;
				CLANG_WARN_COMMA = YES;
				CLANG_WARN_CONSTANT_CONVERSION = YES;
				CLANG_WARN_DEPRECATED_OBJC_IMPLEMENTATIONS = YES;
				CLANG_WARN_DIRECT_OBJC_ISA_USAGE = YES_ERROR;
				CLANG_WARN_DOCUMENTATION_COMMENTS = YES;
				CLANG_WARN_EMPTY_BODY = YES;
				CLANG_WARN_ENUM_CONVERSION = YES;
				CLANG_WARN_INFINITE_RECURSION = YES;
				CLANG_WARN_INT_CONVERSION = YES;
				CLANG_WARN_NON_LITERAL_NULL_CONVERSION = YES;
				CLANG_WARN_OBJC_IMPLICIT_RETAIN_SELF = YES;
				CLANG_WARN_OBJC_LITERAL_CONVERSION = YES;
				CLANG_WARN_OBJC_ROOT_CLASS = YES_ERROR;
				CLANG_WARN_QUOTED_INCLUDE_IN_FRAMEWORK_HEADER = YES;
				CLANG_WARN_RANGE_LOOP_ANALYSIS = YES;
				CLANG_WARN_STRICT_PROTOTYPES = YES;
				CLANG_WARN_SUSPICIOUS_MOVE = YES;
				CLANG_WARN_UNGUARDED_AVAILABILITY = YES_AGGRESSIVE;
				CLANG_WARN_UNREACHABLE_CODE = YES;
				CLANG_WARN__DUPLICATE_METHOD_MATCH = YES;
				COPY_PHASE_STRIP = NO;
				DEBUG_INFORMATION_FORMAT = dwarf;
				ENABLE_STRICT_OBJC_MSGSEND = YES;
				ENABLE_TESTABILITY = YES;
				GCC_C_LANGUAGE_STANDARD = gnu11;
				GCC_DYNAMIC_NO_PIC = NO;
				GCC_NO_COMMON_BLOCKS = YES;
				GCC_OPTIMIZATION_LEVEL = 0;
				GCC_PREPROCESSOR_DEFINITIONS = (
					"DEBUG=1",
					"$(inherited)",
				);
				GCC_WARN_64_TO_32_BIT_CONVERSION = YES;
				GCC_WARN_ABOUT_RETURN_TYPE = YES_ERROR;
				GCC_WARN_UNDECLARED_SELECTOR = YES;
				GCC_WARN_UNINITIALIZED_AUTOS = YES_AGGRESSIVE;
				GCC_WARN_UNUSED_FUNCTION = YES;
				GCC_WARN_UNUSED_VARIABLE = YES;
				IPHONEOS_DEPLOYMENT_TARGET = 15.2;
				MTL_ENABLE_DEBUG_INFO = INCLUDE_SOURCE;
				MTL_FAST_MATH = YES;
				ONLY_ACTIVE_ARCH = YES;
				SDKROOT = iphoneos;
				SWIFT_ACTIVE_COMPILATION_CONDITIONS = DEBUG;
				SWIFT_OPTIMIZATION_LEVEL = "-Onone";
			};
			name = Debug;
		};
		5D54977D27CEB29400C47D9D /* Release */ = {
			isa = XCBuildConfiguration;
			buildSettings = {
				ALWAYS_SEARCH_USER_PATHS = NO;
				CLANG_ANALYZER_NONNULL = YES;
				CLANG_ANALYZER_NUMBER_OBJECT_CONVERSION = YES_AGGRESSIVE;
				CLANG_CXX_LANGUAGE_STANDARD = "gnu++17";
				CLANG_CXX_LIBRARY = "libc++";
				CLANG_ENABLE_MODULES = YES;
				CLANG_ENABLE_OBJC_ARC = YES;
				CLANG_ENABLE_OBJC_WEAK = YES;
				CLANG_WARN_BLOCK_CAPTURE_AUTORELEASING = YES;
				CLANG_WARN_BOOL_CONVERSION = YES;
				CLANG_WARN_COMMA = YES;
				CLANG_WARN_CONSTANT_CONVERSION = YES;
				CLANG_WARN_DEPRECATED_OBJC_IMPLEMENTATIONS = YES;
				CLANG_WARN_DIRECT_OBJC_ISA_USAGE = YES_ERROR;
				CLANG_WARN_DOCUMENTATION_COMMENTS = YES;
				CLANG_WARN_EMPTY_BODY = YES;
				CLANG_WARN_ENUM_CONVERSION = YES;
				CLANG_WARN_INFINITE_RECURSION = YES;
				CLANG_WARN_INT_CONVERSION = YES;
				CLANG_WARN_NON_LITERAL_NULL_CONVERSION = YES;
				CLANG_WARN_OBJC_IMPLICIT_RETAIN_SELF = YES;
				CLANG_WARN_OBJC_LITERAL_CONVERSION = YES;
				CLANG_WARN_OBJC_ROOT_CLASS = YES_ERROR;
				CLANG_WARN_QUOTED_INCLUDE_IN_FRAMEWORK_HEADER = YES;
				CLANG_WARN_RANGE_LOOP_ANALYSIS = YES;
				CLANG_WARN_STRICT_PROTOTYPES = YES;
				CLANG_WARN_SUSPICIOUS_MOVE = YES;
				CLANG_WARN_UNGUARDED_AVAILABILITY = YES_AGGRESSIVE;
				CLANG_WARN_UNREACHABLE_CODE = YES;
				CLANG_WARN__DUPLICATE_METHOD_MATCH = YES;
				COPY_PHASE_STRIP = NO;
				DEBUG_INFORMATION_FORMAT = "dwarf-with-dsym";
				ENABLE_NS_ASSERTIONS = NO;
				ENABLE_STRICT_OBJC_MSGSEND = YES;
				GCC_C_LANGUAGE_STANDARD = gnu11;
				GCC_NO_COMMON_BLOCKS = YES;
				GCC_WARN_64_TO_32_BIT_CONVERSION = YES;
				GCC_WARN_ABOUT_RETURN_TYPE = YES_ERROR;
				GCC_WARN_UNDECLARED_SELECTOR = YES;
				GCC_WARN_UNINITIALIZED_AUTOS = YES_AGGRESSIVE;
				GCC_WARN_UNUSED_FUNCTION = YES;
				GCC_WARN_UNUSED_VARIABLE = YES;
				IPHONEOS_DEPLOYMENT_TARGET = 15.2;
				MTL_ENABLE_DEBUG_INFO = NO;
				MTL_FAST_MATH = YES;
				SDKROOT = iphoneos;
				SWIFT_COMPILATION_MODE = wholemodule;
				SWIFT_OPTIMIZATION_LEVEL = "-O";
				VALIDATE_PRODUCT = YES;
			};
			name = Release;
		};
		5D54977F27CEB29400C47D9D /* Debug */ = {
			isa = XCBuildConfiguration;
			buildSettings = {
				ASSETCATALOG_COMPILER_APPICON_NAME = AppIcon;
				ASSETCATALOG_COMPILER_GLOBAL_ACCENT_COLOR_NAME = AccentColor;
				CODE_SIGN_STYLE = Automatic;
				CURRENT_PROJECT_VERSION = 1;
				DEVELOPMENT_TEAM = Q4U2DFU467;
				GENERATE_INFOPLIST_FILE = YES;
				INFOPLIST_FILE = IMC/Info.plist;
				INFOPLIST_KEY_UIApplicationSupportsIndirectInputEvents = YES;
				INFOPLIST_KEY_UILaunchStoryboardName = LaunchScreen;
				INFOPLIST_KEY_UIMainStoryboardFile = Main;
				INFOPLIST_KEY_UISupportedInterfaceOrientations_iPad = "UIInterfaceOrientationPortrait UIInterfaceOrientationPortraitUpsideDown UIInterfaceOrientationLandscapeLeft UIInterfaceOrientationLandscapeRight";
				INFOPLIST_KEY_UISupportedInterfaceOrientations_iPhone = "UIInterfaceOrientationPortrait UIInterfaceOrientationLandscapeLeft UIInterfaceOrientationLandscapeRight";
				LD_RUNPATH_SEARCH_PATHS = (
					"$(inherited)",
					"@executable_path/Frameworks",
				);
				MARKETING_VERSION = 1.0;
				PRODUCT_BUNDLE_IDENTIFIER = IMC.IMC;
				PRODUCT_NAME = "$(TARGET_NAME)";
				SWIFT_EMIT_LOC_STRINGS = YES;
				SWIFT_VERSION = 5.0;
				TARGETED_DEVICE_FAMILY = "1,2";
			};
			name = Debug;
		};
		5D54978027CEB29400C47D9D /* Release */ = {
			isa = XCBuildConfiguration;
			buildSettings = {
				ASSETCATALOG_COMPILER_APPICON_NAME = AppIcon;
				ASSETCATALOG_COMPILER_GLOBAL_ACCENT_COLOR_NAME = AccentColor;
				CODE_SIGN_STYLE = Automatic;
				CURRENT_PROJECT_VERSION = 1;
				DEVELOPMENT_TEAM = Q4U2DFU467;
				GENERATE_INFOPLIST_FILE = YES;
				INFOPLIST_FILE = IMC/Info.plist;
				INFOPLIST_KEY_UIApplicationSupportsIndirectInputEvents = YES;
				INFOPLIST_KEY_UILaunchStoryboardName = LaunchScreen;
				INFOPLIST_KEY_UIMainStoryboardFile = Main;
				INFOPLIST_KEY_UISupportedInterfaceOrientations_iPad = "UIInterfaceOrientationPortrait UIInterfaceOrientationPortraitUpsideDown UIInterfaceOrientationLandscapeLeft UIInterfaceOrientationLandscapeRight";
				INFOPLIST_KEY_UISupportedInterfaceOrientations_iPhone = "UIInterfaceOrientationPortrait UIInterfaceOrientationLandscapeLeft UIInterfaceOrientationLandscapeRight";
				LD_RUNPATH_SEARCH_PATHS = (
					"$(inherited)",
					"@executable_path/Frameworks",
				);
				MARKETING_VERSION = 1.0;
				PRODUCT_BUNDLE_IDENTIFIER = IMC.IMC;
				PRODUCT_NAME = "$(TARGET_NAME)";
				SWIFT_EMIT_LOC_STRINGS = YES;
				SWIFT_VERSION = 5.0;
				TARGETED_DEVICE_FAMILY = "1,2";
			};
			name = Release;
		};
		5D54978227CEB29400C47D9D /* Debug */ = {
			isa = XCBuildConfiguration;
			buildSettings = {
				ALWAYS_EMBED_SWIFT_STANDARD_LIBRARIES = YES;
				BUNDLE_LOADER = "$(TEST_HOST)";
				CODE_SIGN_STYLE = Automatic;
				CURRENT_PROJECT_VERSION = 1;
				DEVELOPMENT_TEAM = Q4U2DFU467;
				GENERATE_INFOPLIST_FILE = YES;
				IPHONEOS_DEPLOYMENT_TARGET = 15.2;
				MARKETING_VERSION = 1.0;
				PRODUCT_BUNDLE_IDENTIFIER = IMC.IMCTests;
				PRODUCT_NAME = "$(TARGET_NAME)";
				SWIFT_EMIT_LOC_STRINGS = NO;
				SWIFT_VERSION = 5.0;
				TARGETED_DEVICE_FAMILY = "1,2";
				TEST_HOST = "$(BUILT_PRODUCTS_DIR)/IMC.app/IMC";
			};
			name = Debug;
		};
		5D54978327CEB29400C47D9D /* Release */ = {
			isa = XCBuildConfiguration;
			buildSettings = {
				ALWAYS_EMBED_SWIFT_STANDARD_LIBRARIES = YES;
				BUNDLE_LOADER = "$(TEST_HOST)";
				CODE_SIGN_STYLE = Automatic;
				CURRENT_PROJECT_VERSION = 1;
				DEVELOPMENT_TEAM = Q4U2DFU467;
				GENERATE_INFOPLIST_FILE = YES;
				IPHONEOS_DEPLOYMENT_TARGET = 15.2;
				MARKETING_VERSION = 1.0;
				PRODUCT_BUNDLE_IDENTIFIER = IMC.IMCTests;
				PRODUCT_NAME = "$(TARGET_NAME)";
				SWIFT_EMIT_LOC_STRINGS = NO;
				SWIFT_VERSION = 5.0;
				TARGETED_DEVICE_FAMILY = "1,2";
				TEST_HOST = "$(BUILT_PRODUCTS_DIR)/IMC.app/IMC";
			};
			name = Release;
		};
		5D54978527CEB29400C47D9D /* Debug */ = {
			isa = XCBuildConfiguration;
			buildSettings = {
				ALWAYS_EMBED_SWIFT_STANDARD_LIBRARIES = YES;
				CODE_SIGN_STYLE = Automatic;
				CURRENT_PROJECT_VERSION = 1;
				DEVELOPMENT_TEAM = Q4U2DFU467;
				GENERATE_INFOPLIST_FILE = YES;
				MARKETING_VERSION = 1.0;
				PRODUCT_BUNDLE_IDENTIFIER = IMC.IMCUITests;
				PRODUCT_NAME = "$(TARGET_NAME)";
				SWIFT_EMIT_LOC_STRINGS = NO;
				SWIFT_VERSION = 5.0;
				TARGETED_DEVICE_FAMILY = "1,2";
				TEST_TARGET_NAME = IMC;
			};
			name = Debug;
		};
		5D54978627CEB29400C47D9D /* Release */ = {
			isa = XCBuildConfiguration;
			buildSettings = {
				ALWAYS_EMBED_SWIFT_STANDARD_LIBRARIES = YES;
				CODE_SIGN_STYLE = Automatic;
				CURRENT_PROJECT_VERSION = 1;
				DEVELOPMENT_TEAM = Q4U2DFU467;
				GENERATE_INFOPLIST_FILE = YES;
				MARKETING_VERSION = 1.0;
				PRODUCT_BUNDLE_IDENTIFIER = IMC.IMCUITests;
				PRODUCT_NAME = "$(TARGET_NAME)";
				SWIFT_EMIT_LOC_STRINGS = NO;
				SWIFT_VERSION = 5.0;
				TARGETED_DEVICE_FAMILY = "1,2";
				TEST_TARGET_NAME = IMC;
			};
			name = Release;
		};
/* End XCBuildConfiguration section */

/* Begin XCConfigurationList section */
		5D54974F27CEB29200C47D9D /* Build configuration list for PBXProject "IMC" */ = {
			isa = XCConfigurationList;
			buildConfigurations = (
				5D54977C27CEB29400C47D9D /* Debug */,
				5D54977D27CEB29400C47D9D /* Release */,
			);
			defaultConfigurationIsVisible = 0;
			defaultConfigurationName = Release;
		};
		5D54977E27CEB29400C47D9D /* Build configuration list for PBXNativeTarget "IMC" */ = {
			isa = XCConfigurationList;
			buildConfigurations = (
				5D54977F27CEB29400C47D9D /* Debug */,
				5D54978027CEB29400C47D9D /* Release */,
			);
			defaultConfigurationIsVisible = 0;
			defaultConfigurationName = Release;
		};
		5D54978127CEB29400C47D9D /* Build configuration list for PBXNativeTarget "IMCTests" */ = {
			isa = XCConfigurationList;
			buildConfigurations = (
				5D54978227CEB29400C47D9D /* Debug */,
				5D54978327CEB29400C47D9D /* Release */,
			);
			defaultConfigurationIsVisible = 0;
			defaultConfigurationName = Release;
		};
		5D54978427CEB29400C47D9D /* Build configuration list for PBXNativeTarget "IMCUITests" */ = {
			isa = XCConfigurationList;
			buildConfigurations = (
				5D54978527CEB29400C47D9D /* Debug */,
				5D54978627CEB29400C47D9D /* Release */,
			);
			defaultConfigurationIsVisible = 0;
			defaultConfigurationName = Release;
		};
/* End XCConfigurationList section */
	};
	rootObject = 5D54974C27CEB29200C47D9D /* Project object */;
}
